// !$*UTF8*$!
{
	archiveVersion = 1;
	classes = {
	};
	objectVersion = 51;
	objects = {

/* Begin PBXBuildFile section */
		92418898242A2F8500B1FB74 /* HomeCoordinator.swift in Sources */ = {isa = PBXBuildFile; fileRef = 92418887242A2F8500B1FB74 /* HomeCoordinator.swift */; };
		92418899242A2F8500B1FB74 /* HomeViewController.xib in Resources */ = {isa = PBXBuildFile; fileRef = 92418889242A2F8500B1FB74 /* HomeViewController.xib */; };
		9241889A242A2F8500B1FB74 /* HomeViewController.swift in Sources */ = {isa = PBXBuildFile; fileRef = 9241888A242A2F8500B1FB74 /* HomeViewController.swift */; };
		9241889B242A2F8500B1FB74 /* HomePresenter.swift in Sources */ = {isa = PBXBuildFile; fileRef = 9241888B242A2F8500B1FB74 /* HomePresenter.swift */; };
		9241889C242A2F8500B1FB74 /* HomeModel.swift in Sources */ = {isa = PBXBuildFile; fileRef = 9241888C242A2F8500B1FB74 /* HomeModel.swift */; };
		9241889D242A2F8500B1FB74 /* HomeProtocols.swift in Sources */ = {isa = PBXBuildFile; fileRef = 9241888D242A2F8500B1FB74 /* HomeProtocols.swift */; };
		9241889E242A2F8500B1FB74 /* ApplicationCoordinator.swift in Sources */ = {isa = PBXBuildFile; fileRef = 9241888F242A2F8500B1FB74 /* ApplicationCoordinator.swift */; };
		9241889F242A2F8500B1FB74 /* Coordinator.swift in Sources */ = {isa = PBXBuildFile; fileRef = 92418890242A2F8500B1FB74 /* Coordinator.swift */; };
		924188A0242A2F8500B1FB74 /* BaseViewController.swift in Sources */ = {isa = PBXBuildFile; fileRef = 92418892242A2F8500B1FB74 /* BaseViewController.swift */; };
		924188A1242A2F8500B1FB74 /* BaseModelProtocol.swift in Sources */ = {isa = PBXBuildFile; fileRef = 92418893242A2F8500B1FB74 /* BaseModelProtocol.swift */; };
		924188A2242A2F8500B1FB74 /* BasePresenterProtocol.swift in Sources */ = {isa = PBXBuildFile; fileRef = 92418894242A2F8500B1FB74 /* BasePresenterProtocol.swift */; };
		924188A3242A2F8500B1FB74 /* BaseModel.swift in Sources */ = {isa = PBXBuildFile; fileRef = 92418895242A2F8500B1FB74 /* BaseModel.swift */; };
		924188A4242A2F8500B1FB74 /* BasePresenter.swift in Sources */ = {isa = PBXBuildFile; fileRef = 92418896242A2F8500B1FB74 /* BasePresenter.swift */; };
		924188A5242A2F8500B1FB74 /* BaseViewProtocol.swift in Sources */ = {isa = PBXBuildFile; fileRef = 92418897242A2F8500B1FB74 /* BaseViewProtocol.swift */; };
		929A6FBE2428F08800ACB1E7 /* AppDelegate.swift in Sources */ = {isa = PBXBuildFile; fileRef = 929A6FBD2428F08800ACB1E7 /* AppDelegate.swift */; };
		929A6FC02428F08800ACB1E7 /* SceneDelegate.swift in Sources */ = {isa = PBXBuildFile; fileRef = 929A6FBF2428F08800ACB1E7 /* SceneDelegate.swift */; };
		929A6FC72428F08D00ACB1E7 /* Assets.xcassets in Resources */ = {isa = PBXBuildFile; fileRef = 929A6FC62428F08D00ACB1E7 /* Assets.xcassets */; };
		929A6FCA2428F08D00ACB1E7 /* LaunchScreen.storyboard in Resources */ = {isa = PBXBuildFile; fileRef = 929A6FC82428F08D00ACB1E7 /* LaunchScreen.storyboard */; };
/* End PBXBuildFile section */

/* Begin PBXFileReference section */
		92418887242A2F8500B1FB74 /* HomeCoordinator.swift */ = {isa = PBXFileReference; fileEncoding = 4; lastKnownFileType = sourcecode.swift; path = HomeCoordinator.swift; sourceTree = "<group>"; };
		92418889242A2F8500B1FB74 /* HomeViewController.xib */ = {isa = PBXFileReference; fileEncoding = 4; lastKnownFileType = file.xib; path = HomeViewController.xib; sourceTree = "<group>"; };
		9241888A242A2F8500B1FB74 /* HomeViewController.swift */ = {isa = PBXFileReference; fileEncoding = 4; lastKnownFileType = sourcecode.swift; path = HomeViewController.swift; sourceTree = "<group>"; };
		9241888B242A2F8500B1FB74 /* HomePresenter.swift */ = {isa = PBXFileReference; fileEncoding = 4; lastKnownFileType = sourcecode.swift; path = HomePresenter.swift; sourceTree = "<group>"; };
		9241888C242A2F8500B1FB74 /* HomeModel.swift */ = {isa = PBXFileReference; fileEncoding = 4; lastKnownFileType = sourcecode.swift; path = HomeModel.swift; sourceTree = "<group>"; };
		9241888D242A2F8500B1FB74 /* HomeProtocols.swift */ = {isa = PBXFileReference; fileEncoding = 4; lastKnownFileType = sourcecode.swift; path = HomeProtocols.swift; sourceTree = "<group>"; };
		9241888F242A2F8500B1FB74 /* ApplicationCoordinator.swift */ = {isa = PBXFileReference; fileEncoding = 4; lastKnownFileType = sourcecode.swift; path = ApplicationCoordinator.swift; sourceTree = "<group>"; };
		92418890242A2F8500B1FB74 /* Coordinator.swift */ = {isa = PBXFileReference; fileEncoding = 4; lastKnownFileType = sourcecode.swift; path = Coordinator.swift; sourceTree = "<group>"; };
		92418892242A2F8500B1FB74 /* BaseViewController.swift */ = {isa = PBXFileReference; fileEncoding = 4; lastKnownFileType = sourcecode.swift; path = BaseViewController.swift; sourceTree = "<group>"; };
		92418893242A2F8500B1FB74 /* BaseModelProtocol.swift */ = {isa = PBXFileReference; fileEncoding = 4; lastKnownFileType = sourcecode.swift; path = BaseModelProtocol.swift; sourceTree = "<group>"; };
		92418894242A2F8500B1FB74 /* BasePresenterProtocol.swift */ = {isa = PBXFileReference; fileEncoding = 4; lastKnownFileType = sourcecode.swift; path = BasePresenterProtocol.swift; sourceTree = "<group>"; };
		92418895242A2F8500B1FB74 /* BaseModel.swift */ = {isa = PBXFileReference; fileEncoding = 4; lastKnownFileType = sourcecode.swift; path = BaseModel.swift; sourceTree = "<group>"; };
		92418896242A2F8500B1FB74 /* BasePresenter.swift */ = {isa = PBXFileReference; fileEncoding = 4; lastKnownFileType = sourcecode.swift; path = BasePresenter.swift; sourceTree = "<group>"; };
		92418897242A2F8500B1FB74 /* BaseViewProtocol.swift */ = {isa = PBXFileReference; fileEncoding = 4; lastKnownFileType = sourcecode.swift; path = BaseViewProtocol.swift; sourceTree = "<group>"; };
		929A6FBA2428F08800ACB1E7 /* Channels.app */ = {isa = PBXFileReference; explicitFileType = wrapper.application; includeInIndex = 0; path = Channels.app; sourceTree = BUILT_PRODUCTS_DIR; };
		929A6FBD2428F08800ACB1E7 /* AppDelegate.swift */ = {isa = PBXFileReference; lastKnownFileType = sourcecode.swift; path = AppDelegate.swift; sourceTree = "<group>"; };
		929A6FBF2428F08800ACB1E7 /* SceneDelegate.swift */ = {isa = PBXFileReference; lastKnownFileType = sourcecode.swift; path = SceneDelegate.swift; sourceTree = "<group>"; };
		929A6FC62428F08D00ACB1E7 /* Assets.xcassets */ = {isa = PBXFileReference; lastKnownFileType = folder.assetcatalog; path = Assets.xcassets; sourceTree = "<group>"; };
		929A6FC92428F08D00ACB1E7 /* Base */ = {isa = PBXFileReference; lastKnownFileType = file.storyboard; name = Base; path = Base.lproj/LaunchScreen.storyboard; sourceTree = "<group>"; };
		929A6FCB2428F08D00ACB1E7 /* Info.plist */ = {isa = PBXFileReference; lastKnownFileType = text.plist.xml; path = Info.plist; sourceTree = "<group>"; };
		92FEE4F82432549900B4A2D8 /* CarthageInput.xcconfig */ = {isa = PBXFileReference; lastKnownFileType = text.xcconfig; path = CarthageInput.xcconfig; sourceTree = "<group>"; };
		92FEE4FB243254C100B4A2D8 /* CarthageOutput.xcconfig */ = {isa = PBXFileReference; lastKnownFileType = text.xcconfig; path = CarthageOutput.xcconfig; sourceTree = "<group>"; };
/* End PBXFileReference section */

/* Begin PBXFrameworksBuildPhase section */
		929A6FB72428F08800ACB1E7 /* Frameworks */ = {
			isa = PBXFrameworksBuildPhase;
			buildActionMask = 2147483647;
			files = (
			);
			runOnlyForDeploymentPostprocessing = 0;
		};
/* End PBXFrameworksBuildPhase section */

/* Begin PBXGroup section */
		92418882242A2E4600B1FB74 /* AppDelegate */ = {
			isa = PBXGroup;
			children = (
				929A6FBF2428F08800ACB1E7 /* SceneDelegate.swift */,
				929A6FBD2428F08800ACB1E7 /* AppDelegate.swift */,
			);
			path = AppDelegate;
			sourceTree = "<group>";
		};
		92418883242A2E9000B1FB74 /* UI */ = {
			isa = PBXGroup;
			children = (
				929A6FC82428F08D00ACB1E7 /* LaunchScreen.storyboard */,
			);
			path = UI;
			sourceTree = "<group>";
		};
		92418884242A2EC600B1FB74 /* Resources */ = {
			isa = PBXGroup;
			children = (
				929A6FC62428F08D00ACB1E7 /* Assets.xcassets */,
				929A6FCB2428F08D00ACB1E7 /* Info.plist */,
			);
			path = Resources;
			sourceTree = "<group>";
		};
		92418885242A2F8500B1FB74 /* Scene */ = {
			isa = PBXGroup;
			children = (
				92418886242A2F8500B1FB74 /* HomeScene */,
			);
			path = Scene;
			sourceTree = "<group>";
		};
		92418886242A2F8500B1FB74 /* HomeScene */ = {
			isa = PBXGroup;
			children = (
				92418887242A2F8500B1FB74 /* HomeCoordinator.swift */,
				92418888242A2F8500B1FB74 /* View */,
				9241888B242A2F8500B1FB74 /* HomePresenter.swift */,
				9241888C242A2F8500B1FB74 /* HomeModel.swift */,
				9241888D242A2F8500B1FB74 /* HomeProtocols.swift */,
			);
			path = HomeScene;
			sourceTree = "<group>";
		};
		92418888242A2F8500B1FB74 /* View */ = {
			isa = PBXGroup;
			children = (
				92418889242A2F8500B1FB74 /* HomeViewController.xib */,
				9241888A242A2F8500B1FB74 /* HomeViewController.swift */,
			);
			path = View;
			sourceTree = "<group>";
		};
		9241888E242A2F8500B1FB74 /* ApplicationCoordination */ = {
			isa = PBXGroup;
			children = (
				9241888F242A2F8500B1FB74 /* ApplicationCoordinator.swift */,
				92418890242A2F8500B1FB74 /* Coordinator.swift */,
			);
			path = ApplicationCoordination;
			sourceTree = "<group>";
		};
		92418891242A2F8500B1FB74 /* Base */ = {
			isa = PBXGroup;
			children = (
				92418892242A2F8500B1FB74 /* BaseViewController.swift */,
				92418893242A2F8500B1FB74 /* BaseModelProtocol.swift */,
				92418894242A2F8500B1FB74 /* BasePresenterProtocol.swift */,
				92418895242A2F8500B1FB74 /* BaseModel.swift */,
				92418896242A2F8500B1FB74 /* BasePresenter.swift */,
				92418897242A2F8500B1FB74 /* BaseViewProtocol.swift */,
			);
			path = Base;
			sourceTree = "<group>";
		};
		929A6FB12428F08800ACB1E7 = {
			isa = PBXGroup;
			children = (
				929A6FBC2428F08800ACB1E7 /* Channels */,
				929A6FBB2428F08800ACB1E7 /* Products */,
			);
			sourceTree = "<group>";
		};
		929A6FBB2428F08800ACB1E7 /* Products */ = {
			isa = PBXGroup;
			children = (
				929A6FBA2428F08800ACB1E7 /* Channels.app */,
			);
			name = Products;
			sourceTree = "<group>";
		};
		929A6FBC2428F08800ACB1E7 /* Channels */ = {
			isa = PBXGroup;
			children = (
				92FEE4F72432546B00B4A2D8 /* Configurations */,
				9241888E242A2F8500B1FB74 /* ApplicationCoordination */,
				92418891242A2F8500B1FB74 /* Base */,
				92418885242A2F8500B1FB74 /* Scene */,
				92418884242A2EC600B1FB74 /* Resources */,
				92418883242A2E9000B1FB74 /* UI */,
				92418882242A2E4600B1FB74 /* AppDelegate */,
			);
			path = Channels;
			sourceTree = "<group>";
		};
		92FEE4F72432546B00B4A2D8 /* Configurations */ = {
			isa = PBXGroup;
			children = (
				92FEE4F82432549900B4A2D8 /* CarthageInput.xcconfig */,
				92FEE4FB243254C100B4A2D8 /* CarthageOutput.xcconfig */,
			);
			path = Configurations;
			sourceTree = "<group>";
		};
/* End PBXGroup section */

/* Begin PBXNativeTarget section */
		929A6FB92428F08800ACB1E7 /* Channels */ = {
			isa = PBXNativeTarget;
			buildConfigurationList = 929A6FCE2428F08D00ACB1E7 /* Build configuration list for PBXNativeTarget "Channels" */;
			buildPhases = (
				929A6FB62428F08800ACB1E7 /* Sources */,
				929A6FB72428F08800ACB1E7 /* Frameworks */,
				929A6FB82428F08800ACB1E7 /* Resources */,
				92FEE4F52432540D00B4A2D8 /* Swiftlint Run Script */,
				92FEE4F62432543500B4A2D8 /* Swiftgen Run Script */,
				92FEE4FC2432550100B4A2D8 /* Carthage Run Script */,
			);
			buildRules = (
			);
			dependencies = (
			);
			name = Channels;
			productName = Channels;
			productReference = 929A6FBA2428F08800ACB1E7 /* Channels.app */;
			productType = "com.apple.product-type.application";
		};
/* End PBXNativeTarget section */

/* Begin PBXProject section */
		929A6FB22428F08800ACB1E7 /* Project object */ = {
			isa = PBXProject;
			attributes = {
				LastSwiftUpdateCheck = 1120;
				LastUpgradeCheck = 1120;
				ORGANIZATIONNAME = Ibtikar;
				TargetAttributes = {
					929A6FB92428F08800ACB1E7 = {
						CreatedOnToolsVersion = 11.2.1;
					};
				};
			};
			buildConfigurationList = 929A6FB52428F08800ACB1E7 /* Build configuration list for PBXProject "Channels" */;
			compatibilityVersion = "Xcode 9.3";
			developmentRegion = en;
			hasScannedForEncodings = 0;
			knownRegions = (
				en,
				Base,
			);
			mainGroup = 929A6FB12428F08800ACB1E7;
			productRefGroup = 929A6FBB2428F08800ACB1E7 /* Products */;
			projectDirPath = "";
			projectRoot = "";
			targets = (
				929A6FB92428F08800ACB1E7 /* Channels */,
			);
		};
/* End PBXProject section */

/* Begin PBXResourcesBuildPhase section */
		929A6FB82428F08800ACB1E7 /* Resources */ = {
			isa = PBXResourcesBuildPhase;
			buildActionMask = 2147483647;
			files = (
				929A6FCA2428F08D00ACB1E7 /* LaunchScreen.storyboard in Resources */,
				929A6FC72428F08D00ACB1E7 /* Assets.xcassets in Resources */,
				92418899242A2F8500B1FB74 /* HomeViewController.xib in Resources */,
			);
			runOnlyForDeploymentPostprocessing = 0;
		};
/* End PBXResourcesBuildPhase section */

/* Begin PBXShellScriptBuildPhase section */
		92FEE4F52432540D00B4A2D8 /* Swiftlint Run Script */ = {
			isa = PBXShellScriptBuildPhase;
			buildActionMask = 2147483647;
			files = (
			);
			inputFileListPaths = (
			);
			inputPaths = (
			);
			name = "Swiftlint Run Script";
			outputFileListPaths = (
			);
			outputPaths = (
			);
			runOnlyForDeploymentPostprocessing = 0;
			shellPath = /bin/sh;
			shellScript = "if which swiftlint >/dev/null; then\n swiftlint\nelse\n echo \"warning: SwiftLint not installed, download from https://github.com/realm/SwiftLint\"\nfi\n\nif which swiftgen >/dev/null; then\n swiftgen\nelse\n echo \"warning: SwiftGen not installed, download it from https://github.com/SwiftGen/SwiftGen\"\nfi\n";
		};
		92FEE4F62432543500B4A2D8 /* Swiftgen Run Script */ = {
			isa = PBXShellScriptBuildPhase;
			buildActionMask = 2147483647;
			files = (
			);
			inputFileListPaths = (
			);
			inputPaths = (
			);
			name = "Swiftgen Run Script";
			outputFileListPaths = (
			);
			outputPaths = (
			);
			runOnlyForDeploymentPostprocessing = 0;
			shellPath = /bin/sh;
			shellScript = "if which swiftgen >/dev/null; then\n swiftgen\nelse\n echo \"error: SwiftGen not installed, download it from https://github.com/SwiftGen/SwiftGen\"\nfi\n\n";
		};
		92FEE4FC2432550100B4A2D8 /* Carthage Run Script */ = {
			isa = PBXShellScriptBuildPhase;
			buildActionMask = 2147483647;
			files = (
			);
			inputFileListPaths = (
				"$(SRCROOT)/Monshaat_SMEOwner_IOS/Configurations/CarthageInput.xcfilelist",
			);
			inputPaths = (
			);
			name = "Carthage Run Script";
			outputFileListPaths = (
				"$(SRCROOT)/Monshaat_SMEOwner_IOS/Configurations/CarthageOutput.xcfilelist",
			);
			outputPaths = (
			);
			runOnlyForDeploymentPostprocessing = 0;
			shellPath = /bin/sh;
			shellScript = "/usr/local/bin/carthage copy-frameworks\n";
		};
/* End PBXShellScriptBuildPhase section */

/* Begin PBXSourcesBuildPhase section */
		929A6FB62428F08800ACB1E7 /* Sources */ = {
			isa = PBXSourcesBuildPhase;
			buildActionMask = 2147483647;
			files = (
				929A6FBE2428F08800ACB1E7 /* AppDelegate.swift in Sources */,
				924188A4242A2F8500B1FB74 /* BasePresenter.swift in Sources */,
				929A6FC02428F08800ACB1E7 /* SceneDelegate.swift in Sources */,
				9241889C242A2F8500B1FB74 /* HomeModel.swift in Sources */,
				924188A3242A2F8500B1FB74 /* BaseModel.swift in Sources */,
				92418898242A2F8500B1FB74 /* HomeCoordinator.swift in Sources */,
				9241889D242A2F8500B1FB74 /* HomeProtocols.swift in Sources */,
				924188A1242A2F8500B1FB74 /* BaseModelProtocol.swift in Sources */,
				924188A5242A2F8500B1FB74 /* BaseViewProtocol.swift in Sources */,
				924188A0242A2F8500B1FB74 /* BaseViewController.swift in Sources */,
				924188A2242A2F8500B1FB74 /* BasePresenterProtocol.swift in Sources */,
				9241889B242A2F8500B1FB74 /* HomePresenter.swift in Sources */,
				9241889A242A2F8500B1FB74 /* HomeViewController.swift in Sources */,
				9241889E242A2F8500B1FB74 /* ApplicationCoordinator.swift in Sources */,
				9241889F242A2F8500B1FB74 /* Coordinator.swift in Sources */,
			);
			runOnlyForDeploymentPostprocessing = 0;
		};
/* End PBXSourcesBuildPhase section */

/* Begin PBXVariantGroup section */
		929A6FC82428F08D00ACB1E7 /* LaunchScreen.storyboard */ = {
			isa = PBXVariantGroup;
			children = (
				929A6FC92428F08D00ACB1E7 /* Base */,
			);
			name = LaunchScreen.storyboard;
			sourceTree = "<group>";
		};
/* End PBXVariantGroup section */

/* Begin XCBuildConfiguration section */
		929A6FCC2428F08D00ACB1E7 /* Debug */ = {
			isa = XCBuildConfiguration;
			buildSettings = {
				ALWAYS_SEARCH_USER_PATHS = NO;
				CLANG_ANALYZER_NONNULL = YES;
				CLANG_ANALYZER_NUMBER_OBJECT_CONVERSION = YES_AGGRESSIVE;
				CLANG_CXX_LANGUAGE_STANDARD = "gnu++14";
				CLANG_CXX_LIBRARY = "libc++";
				CLANG_ENABLE_MODULES = YES;
				CLANG_ENABLE_OBJC_ARC = YES;
				CLANG_ENABLE_OBJC_WEAK = YES;
				CLANG_WARN_BLOCK_CAPTURE_AUTORELEASING = YES;
				CLANG_WARN_BOOL_CONVERSION = YES;
				CLANG_WARN_COMMA = YES;
				CLANG_WARN_CONSTANT_CONVERSION = YES;
				CLANG_WARN_DEPRECATED_OBJC_IMPLEMENTATIONS = YES;
				CLANG_WARN_DIRECT_OBJC_ISA_USAGE = YES_ERROR;
				CLANG_WARN_DOCUMENTATION_COMMENTS = YES;
				CLANG_WARN_EMPTY_BODY = YES;
				CLANG_WARN_ENUM_CONVERSION = YES;
				CLANG_WARN_INFINITE_RECURSION = YES;
				CLANG_WARN_INT_CONVERSION = YES;
				CLANG_WARN_NON_LITERAL_NULL_CONVERSION = YES;
				CLANG_WARN_OBJC_IMPLICIT_RETAIN_SELF = YES;
				CLANG_WARN_OBJC_LITERAL_CONVERSION = YES;
				CLANG_WARN_OBJC_ROOT_CLASS = YES_ERROR;
				CLANG_WARN_RANGE_LOOP_ANALYSIS = YES;
				CLANG_WARN_STRICT_PROTOTYPES = YES;
				CLANG_WARN_SUSPICIOUS_MOVE = YES;
				CLANG_WARN_UNGUARDED_AVAILABILITY = YES_AGGRESSIVE;
				CLANG_WARN_UNREACHABLE_CODE = YES;
				CLANG_WARN__DUPLICATE_METHOD_MATCH = YES;
				COPY_PHASE_STRIP = NO;
				DEBUG_INFORMATION_FORMAT = dwarf;
				ENABLE_STRICT_OBJC_MSGSEND = YES;
				ENABLE_TESTABILITY = YES;
				GCC_C_LANGUAGE_STANDARD = gnu11;
				GCC_DYNAMIC_NO_PIC = NO;
				GCC_NO_COMMON_BLOCKS = YES;
				GCC_OPTIMIZATION_LEVEL = 0;
				GCC_PREPROCESSOR_DEFINITIONS = (
					"DEBUG=1",
					"$(inherited)",
				);
				GCC_WARN_64_TO_32_BIT_CONVERSION = YES;
				GCC_WARN_ABOUT_RETURN_TYPE = YES_ERROR;
				GCC_WARN_UNDECLARED_SELECTOR = YES;
				GCC_WARN_UNINITIALIZED_AUTOS = YES_AGGRESSIVE;
				GCC_WARN_UNUSED_FUNCTION = YES;
				GCC_WARN_UNUSED_VARIABLE = YES;
				IPHONEOS_DEPLOYMENT_TARGET = 13.2;
				MTL_ENABLE_DEBUG_INFO = INCLUDE_SOURCE;
				MTL_FAST_MATH = YES;
				ONLY_ACTIVE_ARCH = YES;
				SDKROOT = iphoneos;
				SWIFT_ACTIVE_COMPILATION_CONDITIONS = DEBUG;
				SWIFT_OPTIMIZATION_LEVEL = "-Onone";
			};
			name = Debug;
		};
		929A6FCD2428F08D00ACB1E7 /* Release */ = {
			isa = XCBuildConfiguration;
			buildSettings = {
				ALWAYS_SEARCH_USER_PATHS = NO;
				CLANG_ANALYZER_NONNULL = YES;
				CLANG_ANALYZER_NUMBER_OBJECT_CONVERSION = YES_AGGRESSIVE;
				CLANG_CXX_LANGUAGE_STANDARD = "gnu++14";
				CLANG_CXX_LIBRARY = "libc++";
				CLANG_ENABLE_MODULES = YES;
				CLANG_ENABLE_OBJC_ARC = YES;
				CLANG_ENABLE_OBJC_WEAK = YES;
				CLANG_WARN_BLOCK_CAPTURE_AUTORELEASING = YES;
				CLANG_WARN_BOOL_CONVERSION = YES;
				CLANG_WARN_COMMA = YES;
				CLANG_WARN_CONSTANT_CONVERSION = YES;
				CLANG_WARN_DEPRECATED_OBJC_IMPLEMENTATIONS = YES;
				CLANG_WARN_DIRECT_OBJC_ISA_USAGE = YES_ERROR;
				CLANG_WARN_DOCUMENTATION_COMMENTS = YES;
				CLANG_WARN_EMPTY_BODY = YES;
				CLANG_WARN_ENUM_CONVERSION = YES;
				CLANG_WARN_INFINITE_RECURSION = YES;
				CLANG_WARN_INT_CONVERSION = YES;
				CLANG_WARN_NON_LITERAL_NULL_CONVERSION = YES;
				CLANG_WARN_OBJC_IMPLICIT_RETAIN_SELF = YES;
				CLANG_WARN_OBJC_LITERAL_CONVERSION = YES;
				CLANG_WARN_OBJC_ROOT_CLASS = YES_ERROR;
				CLANG_WARN_RANGE_LOOP_ANALYSIS = YES;
				CLANG_WARN_STRICT_PROTOTYPES = YES;
				CLANG_WARN_SUSPICIOUS_MOVE = YES;
				CLANG_WARN_UNGUARDED_AVAILABILITY = YES_AGGRESSIVE;
				CLANG_WARN_UNREACHABLE_CODE = YES;
				CLANG_WARN__DUPLICATE_METHOD_MATCH = YES;
				COPY_PHASE_STRIP = NO;
				DEBUG_INFORMATION_FORMAT = "dwarf-with-dsym";
				ENABLE_NS_ASSERTIONS = NO;
				ENABLE_STRICT_OBJC_MSGSEND = YES;
				GCC_C_LANGUAGE_STANDARD = gnu11;
				GCC_NO_COMMON_BLOCKS = YES;
				GCC_WARN_64_TO_32_BIT_CONVERSION = YES;
				GCC_WARN_ABOUT_RETURN_TYPE = YES_ERROR;
				GCC_WARN_UNDECLARED_SELECTOR = YES;
				GCC_WARN_UNINITIALIZED_AUTOS = YES_AGGRESSIVE;
				GCC_WARN_UNUSED_FUNCTION = YES;
				GCC_WARN_UNUSED_VARIABLE = YES;
				IPHONEOS_DEPLOYMENT_TARGET = 13.2;
				MTL_ENABLE_DEBUG_INFO = NO;
				MTL_FAST_MATH = YES;
				SDKROOT = iphoneos;
				SWIFT_COMPILATION_MODE = wholemodule;
				SWIFT_OPTIMIZATION_LEVEL = "-O";
				VALIDATE_PRODUCT = YES;
			};
			name = Release;
		};
		929A6FCF2428F08D00ACB1E7 /* Debug */ = {
			isa = XCBuildConfiguration;
			buildSettings = {
				ASSETCATALOG_COMPILER_APPICON_NAME = AppIcon;
				CODE_SIGN_STYLE = Automatic;
				DEVELOPMENT_TEAM = 2C86JD592M;
				INFOPLIST_FILE = Channels/Resources/Info.plist;
				IPHONEOS_DEPLOYMENT_TARGET = 11.0;
				LD_RUNPATH_SEARCH_PATHS = (
					"$(inherited)",
					"@executable_path/Frameworks",
				);
				PRODUCT_BUNDLE_IDENTIFIER = com.Ibtikar.sara.galal.Channels;
				PRODUCT_NAME = "$(TARGET_NAME)";
				SWIFT_VERSION = 5.0;
				TARGETED_DEVICE_FAMILY = "1,2";
			};
			name = Debug;
		};
		929A6FD02428F08D00ACB1E7 /* Release */ = {
			isa = XCBuildConfiguration;
			buildSettings = {
				ASSETCATALOG_COMPILER_APPICON_NAME = AppIcon;
				CODE_SIGN_STYLE = Automatic;
				DEVELOPMENT_TEAM = 2C86JD592M;
				INFOPLIST_FILE = Channels/Resources/Info.plist;
				IPHONEOS_DEPLOYMENT_TARGET = 11.0;
				LD_RUNPATH_SEARCH_PATHS = (
					"$(inherited)",
					"@executable_path/Frameworks",
				);
				PRODUCT_BUNDLE_IDENTIFIER = com.Ibtikar.sara.galal.Channels;
				PRODUCT_NAME = "$(TARGET_NAME)";
				SWIFT_VERSION = 5.0;
				TARGETED_DEVICE_FAMILY = "1,2";
			};
			name = Release;
		};
/* End XCBuildConfiguration section */

/* Begin XCConfigurationList section */
		929A6FB52428F08800ACB1E7 /* Build configuration list for PBXProject "Channels" */ = {
			isa = XCConfigurationList;
			buildConfigurations = (
				929A6FCC2428F08D00ACB1E7 /* Debug */,
				929A6FCD2428F08D00ACB1E7 /* Release */,
			);
			defaultConfigurationIsVisible = 0;
			defaultConfigurationName = Release;
		};
		929A6FCE2428F08D00ACB1E7 /* Build configuration list for PBXNativeTarget "Channels" */ = {
			isa = XCConfigurationList;
			buildConfigurations = (
				929A6FCF2428F08D00ACB1E7 /* Debug */,
				929A6FD02428F08D00ACB1E7 /* Release */,
			);
			defaultConfigurationIsVisible = 0;
			defaultConfigurationName = Release;
		};
/* End XCConfigurationList section */
	};
	rootObject = 929A6FB22428F08800ACB1E7 /* Project object */;
}
